
Microsoft Visual Studio Solution File, Format Version 11.00
# Visual Studio 2010
Project("{FAE04EC0-301F-11D3-BF4B-00C04F79EFBC}") = "NetduinoPlusApplication1", "NetduinoPlusApplication1\NetduinoPlusApplication1.csproj", "{E75579DA-B293-4504-AFDD-391C45A075E5}"
EndProject
Project("{FAE04EC0-301F-11D3-BF4B-00C04F79EFBC}") = "NetduinoPlusApplication2", "NetduinoPlusApplication2\NetduinoPlusApplication2.csproj", "{3CC234F7-3D8F-4F20-9714-E82EBE009D42}"
EndProject
Global
	GlobalSection(SolutionConfigurationPlatforms) = preSolution
		Debug|Any CPU = Debug|Any CPU
		Release|Any CPU = Release|Any CPU
	EndGlobalSection
	GlobalSection(ProjectConfigurationPlatforms) = postSolution
		{E75579DA-B293-4504-AFDD-391C45A075E5}.Debug|Any CPU.ActiveCfg = Debug|Any CPU
		{E75579DA-B293-4504-AFDD-391C45A075E5}.Debug|Any CPU.Build.0 = Debug|Any CPU
		{E75579DA-B293-4504-AFDD-391C45A075E5}.Debug|Any CPU.Deploy.0 = Debug|Any CPU
		{E75579DA-B293-4504-AFDD-391C45A075E5}.Release|Any CPU.ActiveCfg = Release|Any CPU
		{E75579DA-B293-4504-AFDD-391C45A075E5}.Release|Any CPU.Build.0 = Release|Any CPU
		{E75579DA-B293-4504-AFDD-391C45A075E5}.Release|Any CPU.Deploy.0 = Release|Any CPU
		{3CC234F7-3D8F-4F20-9714-E82EBE009D42}.Debug|Any CPU.ActiveCfg = Debug|Any CPU
		{3CC234F7-3D8F-4F20-9714-E82EBE009D42}.Debug|Any CPU.Build.0 = Debug|Any CPU
		{3CC234F7-3D8F-4F20-9714-E82EBE009D42}.Debug|Any CPU.Deploy.0 = Debug|Any CPU
		{3CC234F7-3D8F-4F20-9714-E82EBE009D42}.Release|Any CPU.ActiveCfg = Release|Any CPU
		{3CC234F7-3D8F-4F20-9714-E82EBE009D42}.Release|Any CPU.Build.0 = Release|Any CPU
		{3CC234F7-3D8F-4F20-9714-E82EBE009D42}.Release|Any CPU.Deploy.0 = Release|Any CPU
	EndGlobalSection
	GlobalSection(SolutionProperties) = preSolution
		HideSolutionNode = FALSE
	EndGlobalSection
EndGlobal
